
Microsoft Visual Studio Solution File, Format Version 12.00
# Visual Studio 15
VisualStudioVersion = 15.0.28307.1433
MinimumVisualStudioVersion = 10.0.40219.1
Project("{FAE04EC0-301F-11D3-BF4B-00C04F79EFBC}") = "ASPNETDEMO", "ASPNETDEMO\ASPNETDEMO.csproj", "{18EDFB61-35EE-4556-879E-A08B112DBE3B}"
EndProject
Global
	GlobalSection(SolutionConfigurationPlatforms) = preSolution
		Debug|Any CPU = Debug|Any CPU
		Release|Any CPU = Release|Any CPU
	EndGlobalSection
	GlobalSection(ProjectConfigurationPlatforms) = postSolution
		{18EDFB61-35EE-4556-879E-A08B112DBE3B}.Debug|Any CPU.ActiveCfg = Debug|Any CPU
		{18EDFB61-35EE-4556-879E-A08B112DBE3B}.Debug|Any CPU.Build.0 = Debug|Any CPU
		{18EDFB61-35EE-4556-879E-A08B112DBE3B}.Release|Any CPU.ActiveCfg = Release|Any CPU
		{18EDFB61-35EE-4556-879E-A08B112DBE3B}.Release|Any CPU.Build.0 = Release|Any CPU
	EndGlobalSection
	GlobalSection(SolutionProperties) = preSolution
		HideSolutionNode = FALSE
	EndGlobalSection
	GlobalSection(ExtensibilityGlobals) = postSolution
		SolutionGuid = {8EBE8192-5B5D-4203-8D0A-DBADCF65D125}
	EndGlobalSection
EndGlobal
